
Microsoft Visual Studio Solution File, Format Version 12.00
Project("{2150E333-8FDC-42A3-9474-1A3956D46DE8}") = "1. Base project setup", "1. Base project setup", "{A60A4D2D-4948-458B-88EC-597FCA2C854B}"
EndProject
Project("{FAE04EC0-301F-11D3-BF4B-00C04F79EFBC}") = "TripApp", "TripApp\TripApp.csproj", "{37C57C61-A5CE-4894-91A9-435E239C5BAA}"
EndProject
Project("{2150E333-8FDC-42A3-9474-1A3956D46DE8}") = "2. Multiple projects solution", "2. Multiple projects solution", "{60BD10E4-74E0-4831-A730-013D3DD78AED}"
EndProject
Project("{FAE04EC0-301F-11D3-BF4B-00C04F79EFBC}") = "TripApp.API", "TripApp.API\TripApp.API.csproj", "{26C57245-3C5B-49D4-A371-D9EE34140C46}"
EndProject
Project("{FAE04EC0-301F-11D3-BF4B-00C04F79EFBC}") = "TripApp.Application", "TripApp.Application\TripApp.Application.csproj", "{64C67B55-AEB7-4A48-856C-B7E5171F249D}"
EndProject
Project("{FAE04EC0-301F-11D3-BF4B-00C04F79EFBC}") = "TripApp.Infrastructure", "TripApp.Infrastructure\TripApp.Infrastructure.csproj", "{FD9B0322-00A9-4E19-8DE5-B7A9187B9752}"
EndProject
Project("{FAE04EC0-301F-11D3-BF4B-00C04F79EFBC}") = "TripApp.Core", "TripApp.Core\TripApp.Core.csproj", "{506C6AFF-09B0-496C-AF5A-03BF6D9D2336}"
EndProject
Global
	GlobalSection(SolutionConfigurationPlatforms) = preSolution
		Debug|Any CPU = Debug|Any CPU
		Release|Any CPU = Release|Any CPU
	EndGlobalSection
	GlobalSection(NestedProjects) = preSolution
		{37C57C61-A5CE-4894-91A9-435E239C5BAA} = {A60A4D2D-4948-458B-88EC-597FCA2C854B}
		{26C57245-3C5B-49D4-A371-D9EE34140C46} = {60BD10E4-74E0-4831-A730-013D3DD78AED}
		{64C67B55-AEB7-4A48-856C-B7E5171F249D} = {60BD10E4-74E0-4831-A730-013D3DD78AED}
		{FD9B0322-00A9-4E19-8DE5-B7A9187B9752} = {60BD10E4-74E0-4831-A730-013D3DD78AED}
		{506C6AFF-09B0-496C-AF5A-03BF6D9D2336} = {60BD10E4-74E0-4831-A730-013D3DD78AED}
	EndGlobalSection
	GlobalSection(ProjectConfigurationPlatforms) = postSolution
		{37C57C61-A5CE-4894-91A9-435E239C5BAA}.Debug|Any CPU.ActiveCfg = Debug|Any CPU
		{37C57C61-A5CE-4894-91A9-435E239C5BAA}.Debug|Any CPU.Build.0 = Debug|Any CPU
		{37C57C61-A5CE-4894-91A9-435E239C5BAA}.Release|Any CPU.ActiveCfg = Release|Any CPU
		{37C57C61-A5CE-4894-91A9-435E239C5BAA}.Release|Any CPU.Build.0 = Release|Any CPU
		{26C57245-3C5B-49D4-A371-D9EE34140C46}.Debug|Any CPU.ActiveCfg = Debug|Any CPU
		{26C57245-3C5B-49D4-A371-D9EE34140C46}.Debug|Any CPU.Build.0 = Debug|Any CPU
		{26C57245-3C5B-49D4-A371-D9EE34140C46}.Release|Any CPU.ActiveCfg = Release|Any CPU
		{26C57245-3C5B-49D4-A371-D9EE34140C46}.Release|Any CPU.Build.0 = Release|Any CPU
		{64C67B55-AEB7-4A48-856C-B7E5171F249D}.Debug|Any CPU.ActiveCfg = Debug|Any CPU
		{64C67B55-AEB7-4A48-856C-B7E5171F249D}.Debug|Any CPU.Build.0 = Debug|Any CPU
		{64C67B55-AEB7-4A48-856C-B7E5171F249D}.Release|Any CPU.ActiveCfg = Release|Any CPU
		{64C67B55-AEB7-4A48-856C-B7E5171F249D}.Release|Any CPU.Build.0 = Release|Any CPU
		{FD9B0322-00A9-4E19-8DE5-B7A9187B9752}.Debug|Any CPU.ActiveCfg = Debug|Any CPU
		{FD9B0322-00A9-4E19-8DE5-B7A9187B9752}.Debug|Any CPU.Build.0 = Debug|Any CPU
		{FD9B0322-00A9-4E19-8DE5-B7A9187B9752}.Release|Any CPU.ActiveCfg = Release|Any CPU
		{FD9B0322-00A9-4E19-8DE5-B7A9187B9752}.Release|Any CPU.Build.0 = Release|Any CPU
		{506C6AFF-09B0-496C-AF5A-03BF6D9D2336}.Debug|Any CPU.ActiveCfg = Debug|Any CPU
		{506C6AFF-09B0-496C-AF5A-03BF6D9D2336}.Debug|Any CPU.Build.0 = Debug|Any CPU
		{506C6AFF-09B0-496C-AF5A-03BF6D9D2336}.Release|Any CPU.ActiveCfg = Release|Any CPU
		{506C6AFF-09B0-496C-AF5A-03BF6D9D2336}.Release|Any CPU.Build.0 = Release|Any CPU
	EndGlobalSection
EndGlobal
